<?xml version="1.0" encoding="utf-8"?>
<Project ToolsVersion="17.0" xmlns="http://schemas.microsoft.com/developer/msbuild/2003">
  <ItemGroup>
    <ClCompile Include="C:\Users\Lenovo\Documents\Spilltech2024_H\MyOpenGL_Repo\MyOpenGL_Main\MyOpenGL\Dependency\includes\LASzip\dll\laszip_api.c">
      <Filter>Source Files</Filter>
    </ClCompile>
  </ItemGroup>
  <ItemGroup>
    <ClInclude Include="C:\Users\Lenovo\Documents\Spilltech2024_H\MyOpenGL_Repo\MyOpenGL_Main\MyOpenGL\Dependency\includes\LASzip\dll\laszip_api.h">
      <Filter>Header Files</Filter>
    </ClInclude>
  </ItemGroup>
  <ItemGroup>
    <CustomBuild Include="C:\Users\Lenovo\Documents\Spilltech2024_H\MyOpenGL_Repo\MyOpenGL_Main\MyOpenGL\Dependency\includes\LASzip\dll\CMakeLists.txt" />
  </ItemGroup>
  <ItemGroup>
    <Filter Include="Header Files">
      <UniqueIdentifier>{C4BC5480-30CD-3F95-96F1-6FA7DAF835CA}</UniqueIdentifier>
    </Filter>
    <Filter Include="Source Files">
      <UniqueIdentifier>{1DB12D81-4EBC-3B27-9384-77B304414176}</UniqueIdentifier>
    </Filter>
  </ItemGroup>
</Project>
